
Microsoft Visual Studio Solution File, Format Version 12.00
# Visual Studio Version 17
VisualStudioVersion = 17.0.31903.59
MinimumVisualStudioVersion = 10.0.40219.1
Project("{FAE04EC0-301F-11D3-BF4B-00C04F79EFBC}") = "Innoloft.Domain", "Innoloft.Domain\Innoloft.Domain.csproj", "{5F7FD674-9FD3-4F3A-9B42-AC4BFC5675D7}"
EndProject
Project("{FAE04EC0-301F-11D3-BF4B-00C04F79EFBC}") = "Innoloft.EntityFramework", "Innoloft.EntityFramework\Innoloft.EntityFramework.csproj", "{4EF468DE-0F93-4399-91F0-53AA97E9E944}"
EndProject
Project("{FAE04EC0-301F-11D3-BF4B-00C04F79EFBC}") = "Innoloft.Web", "Innoloft.Web\Innoloft.Web.csproj", "{5732312E-77A6-41B1-A6B7-A1DF39877D07}"
EndProject
Project("{FAE04EC0-301F-11D3-BF4B-00C04F79EFBC}") = "Innoloft.Shared", "Innoloft.Shared\Innoloft.Shared.csproj", "{0D14349F-206B-474D-BE5E-4C1175905D7C}"
EndProject
Project("{FAE04EC0-301F-11D3-BF4B-00C04F79EFBC}") = "Innoloft.Tests", "Innoloft.Tests\Innoloft.Tests.csproj", "{65614CE8-E32E-485C-BC89-A4A0CCCA1AC7}"
EndProject
Global
	GlobalSection(SolutionConfigurationPlatforms) = preSolution
		Debug|Any CPU = Debug|Any CPU
		Release|Any CPU = Release|Any CPU
	EndGlobalSection
	GlobalSection(SolutionProperties) = preSolution
		HideSolutionNode = FALSE
	EndGlobalSection
	GlobalSection(ProjectConfigurationPlatforms) = postSolution
		{5F7FD674-9FD3-4F3A-9B42-AC4BFC5675D7}.Debug|Any CPU.ActiveCfg = Debug|Any CPU
		{5F7FD674-9FD3-4F3A-9B42-AC4BFC5675D7}.Debug|Any CPU.Build.0 = Debug|Any CPU
		{5F7FD674-9FD3-4F3A-9B42-AC4BFC5675D7}.Release|Any CPU.ActiveCfg = Release|Any CPU
		{5F7FD674-9FD3-4F3A-9B42-AC4BFC5675D7}.Release|Any CPU.Build.0 = Release|Any CPU
		{4EF468DE-0F93-4399-91F0-53AA97E9E944}.Debug|Any CPU.ActiveCfg = Debug|Any CPU
		{4EF468DE-0F93-4399-91F0-53AA97E9E944}.Debug|Any CPU.Build.0 = Debug|Any CPU
		{4EF468DE-0F93-4399-91F0-53AA97E9E944}.Release|Any CPU.ActiveCfg = Release|Any CPU
		{4EF468DE-0F93-4399-91F0-53AA97E9E944}.Release|Any CPU.Build.0 = Release|Any CPU
		{5732312E-77A6-41B1-A6B7-A1DF39877D07}.Debug|Any CPU.ActiveCfg = Debug|Any CPU
		{5732312E-77A6-41B1-A6B7-A1DF39877D07}.Debug|Any CPU.Build.0 = Debug|Any CPU
		{5732312E-77A6-41B1-A6B7-A1DF39877D07}.Release|Any CPU.ActiveCfg = Release|Any CPU
		{5732312E-77A6-41B1-A6B7-A1DF39877D07}.Release|Any CPU.Build.0 = Release|Any CPU
		{0D14349F-206B-474D-BE5E-4C1175905D7C}.Debug|Any CPU.ActiveCfg = Debug|Any CPU
		{0D14349F-206B-474D-BE5E-4C1175905D7C}.Debug|Any CPU.Build.0 = Debug|Any CPU
		{0D14349F-206B-474D-BE5E-4C1175905D7C}.Release|Any CPU.ActiveCfg = Release|Any CPU
		{0D14349F-206B-474D-BE5E-4C1175905D7C}.Release|Any CPU.Build.0 = Release|Any CPU
		{65614CE8-E32E-485C-BC89-A4A0CCCA1AC7}.Debug|Any CPU.ActiveCfg = Debug|Any CPU
		{65614CE8-E32E-485C-BC89-A4A0CCCA1AC7}.Debug|Any CPU.Build.0 = Debug|Any CPU
		{65614CE8-E32E-485C-BC89-A4A0CCCA1AC7}.Release|Any CPU.ActiveCfg = Release|Any CPU
		{65614CE8-E32E-485C-BC89-A4A0CCCA1AC7}.Release|Any CPU.Build.0 = Release|Any CPU
	EndGlobalSection
EndGlobal
